
Microsoft Visual Studio Solution File, Format Version 12.00
# Visual Studio Version 16
VisualStudioVersion = 16.0.30011.22
MinimumVisualStudioVersion = 10.0.40219.1
Project("{9A19103F-16F7-4668-BE54-9A1E7A4F7556}") = "Compiler", "Compiler.csproj", "{E5C5DBFD-8A9E-4D38-A2F3-0413CB3F5BCA}"
EndProject
Project("{8BC9CEB8-8B4A-11D0-8D11-00A0C91BC942}") = "libil2cpp", "..\..\..\..\..\Program Files\Unity\Editor\Data\il2cpp\libil2cpp\libil2cpp.vcxproj", "{848E3796-AAAC-4726-9B51-94FBFEB667B3}"
EndProject
Global
	GlobalSection(SolutionConfigurationPlatforms) = preSolution
		Debug_Tests|Any CPU = Debug_Tests|Any CPU
		Debug_Tests|ARM = Debug_Tests|ARM
		Debug_Tests|x64 = Debug_Tests|x64
		Debug_Tests|x86 = Debug_Tests|x86
		Debug|Any CPU = Debug|Any CPU
		Debug|ARM = Debug|ARM
		Debug|x64 = Debug|x64
		Debug|x86 = Debug|x86
		Debug45|Any CPU = Debug45|Any CPU
		Debug45|ARM = Debug45|ARM
		Debug45|x64 = Debug45|x64
		Debug45|x86 = Debug45|x86
		Release|Any CPU = Release|Any CPU
		Release|ARM = Release|ARM
		Release|x64 = Release|x64
		Release|x86 = Release|x86
		Release45|Any CPU = Release45|Any CPU
		Release45|ARM = Release45|ARM
		Release45|x64 = Release45|x64
		Release45|x86 = Release45|x86
		WinRT-UWP-Debug|Any CPU = WinRT-UWP-Debug|Any CPU
		WinRT-UWP-Debug|ARM = WinRT-UWP-Debug|ARM
		WinRT-UWP-Debug|x64 = WinRT-UWP-Debug|x64
		WinRT-UWP-Debug|x86 = WinRT-UWP-Debug|x86
		WinRT-UWP-Debug45|Any CPU = WinRT-UWP-Debug45|Any CPU
		WinRT-UWP-Debug45|ARM = WinRT-UWP-Debug45|ARM
		WinRT-UWP-Debug45|x64 = WinRT-UWP-Debug45|x64
		WinRT-UWP-Debug45|x86 = WinRT-UWP-Debug45|x86
		WinRT-UWP-Release|Any CPU = WinRT-UWP-Release|Any CPU
		WinRT-UWP-Release|ARM = WinRT-UWP-Release|ARM
		WinRT-UWP-Release|x64 = WinRT-UWP-Release|x64
		WinRT-UWP-Release|x86 = WinRT-UWP-Release|x86
		WinRT-UWP-Release45|Any CPU = WinRT-UWP-Release45|Any CPU
		WinRT-UWP-Release45|ARM = WinRT-UWP-Release45|ARM
		WinRT-UWP-Release45|x64 = WinRT-UWP-Release45|x64
		WinRT-UWP-Release45|x86 = WinRT-UWP-Release45|x86
	EndGlobalSection
	GlobalSection(ProjectConfigurationPlatforms) = postSolution
		{E5C5DBFD-8A9E-4D38-A2F3-0413CB3F5BCA}.Debug_Tests|Any CPU.ActiveCfg = Debug|Any CPU
		{E5C5DBFD-8A9E-4D38-A2F3-0413CB3F5BCA}.Debug_Tests|Any CPU.Build.0 = Debug|Any CPU
		{E5C5DBFD-8A9E-4D38-A2F3-0413CB3F5BCA}.Debug_Tests|ARM.ActiveCfg = Debug|Any CPU
		{E5C5DBFD-8A9E-4D38-A2F3-0413CB3F5BCA}.Debug_Tests|ARM.Build.0 = Debug|Any CPU
		{E5C5DBFD-8A9E-4D38-A2F3-0413CB3F5BCA}.Debug_Tests|x64.ActiveCfg = Debug|Any CPU
		{E5C5DBFD-8A9E-4D38-A2F3-0413CB3F5BCA}.Debug_Tests|x64.Build.0 = Debug|Any CPU
		{E5C5DBFD-8A9E-4D38-A2F3-0413CB3F5BCA}.Debug_Tests|x86.ActiveCfg = Debug|Any CPU
		{E5C5DBFD-8A9E-4D38-A2F3-0413CB3F5BCA}.Debug_Tests|x86.Build.0 = Debug|Any CPU
		{E5C5DBFD-8A9E-4D38-A2F3-0413CB3F5BCA}.Debug|Any CPU.ActiveCfg = Debug|Any CPU
		{E5C5DBFD-8A9E-4D38-A2F3-0413CB3F5BCA}.Debug|Any CPU.Build.0 = Debug|Any CPU
		{E5C5DBFD-8A9E-4D38-A2F3-0413CB3F5BCA}.Debug|ARM.ActiveCfg = Debug|Any CPU
		{E5C5DBFD-8A9E-4D38-A2F3-0413CB3F5BCA}.Debug|ARM.Build.0 = Debug|Any CPU
		{E5C5DBFD-8A9E-4D38-A2F3-0413CB3F5BCA}.Debug|x64.ActiveCfg = Debug|Any CPU
		{E5C5DBFD-8A9E-4D38-A2F3-0413CB3F5BCA}.Debug|x64.Build.0 = Debug|Any CPU
		{E5C5DBFD-8A9E-4D38-A2F3-0413CB3F5BCA}.Debug|x86.ActiveCfg = Debug|Any CPU
		{E5C5DBFD-8A9E-4D38-A2F3-0413CB3F5BCA}.Debug|x86.Build.0 = Debug|Any CPU
		{E5C5DBFD-8A9E-4D38-A2F3-0413CB3F5BCA}.Debug45|Any CPU.ActiveCfg = Debug|Any CPU
		{E5C5DBFD-8A9E-4D38-A2F3-0413CB3F5BCA}.Debug45|Any CPU.Build.0 = Debug|Any CPU
		{E5C5DBFD-8A9E-4D38-A2F3-0413CB3F5BCA}.Debug45|ARM.ActiveCfg = Debug|Any CPU
		{E5C5DBFD-8A9E-4D38-A2F3-0413CB3F5BCA}.Debug45|ARM.Build.0 = Debug|Any CPU
		{E5C5DBFD-8A9E-4D38-A2F3-0413CB3F5BCA}.Debug45|x64.ActiveCfg = Debug|Any CPU
		{E5C5DBFD-8A9E-4D38-A2F3-0413CB3F5BCA}.Debug45|x64.Build.0 = Debug|Any CPU
		{E5C5DBFD-8A9E-4D38-A2F3-0413CB3F5BCA}.Debug45|x86.ActiveCfg = Debug|Any CPU
		{E5C5DBFD-8A9E-4D38-A2F3-0413CB3F5BCA}.Debug45|x86.Build.0 = Debug|Any CPU
		{E5C5DBFD-8A9E-4D38-A2F3-0413CB3F5BCA}.Release|Any CPU.ActiveCfg = Release|Any CPU
		{E5C5DBFD-8A9E-4D38-A2F3-0413CB3F5BCA}.Release|Any CPU.Build.0 = Release|Any CPU
		{E5C5DBFD-8A9E-4D38-A2F3-0413CB3F5BCA}.Release|ARM.ActiveCfg = Release|Any CPU
		{E5C5DBFD-8A9E-4D38-A2F3-0413CB3F5BCA}.Release|ARM.Build.0 = Release|Any CPU
		{E5C5DBFD-8A9E-4D38-A2F3-0413CB3F5BCA}.Release|x64.ActiveCfg = Release|Any CPU
		{E5C5DBFD-8A9E-4D38-A2F3-0413CB3F5BCA}.Release|x64.Build.0 = Release|Any CPU
		{E5C5DBFD-8A9E-4D38-A2F3-0413CB3F5BCA}.Release|x86.ActiveCfg = Release|Any CPU
		{E5C5DBFD-8A9E-4D38-A2F3-0413CB3F5BCA}.Release|x86.Build.0 = Release|Any CPU
		{E5C5DBFD-8A9E-4D38-A2F3-0413CB3F5BCA}.Release45|Any CPU.ActiveCfg = Release|Any CPU
		{E5C5DBFD-8A9E-4D38-A2F3-0413CB3F5BCA}.Release45|Any CPU.Build.0 = Release|Any CPU
		{E5C5DBFD-8A9E-4D38-A2F3-0413CB3F5BCA}.Release45|ARM.ActiveCfg = Release|Any CPU
		{E5C5DBFD-8A9E-4D38-A2F3-0413CB3F5BCA}.Release45|ARM.Build.0 = Release|Any CPU
		{E5C5DBFD-8A9E-4D38-A2F3-0413CB3F5BCA}.Release45|x64.ActiveCfg = Release|Any CPU
		{E5C5DBFD-8A9E-4D38-A2F3-0413CB3F5BCA}.Release45|x64.Build.0 = Release|Any CPU
		{E5C5DBFD-8A9E-4D38-A2F3-0413CB3F5BCA}.Release45|x86.ActiveCfg = Release|Any CPU
		{E5C5DBFD-8A9E-4D38-A2F3-0413CB3F5BCA}.Release45|x86.Build.0 = Release|Any CPU
		{E5C5DBFD-8A9E-4D38-A2F3-0413CB3F5BCA}.WinRT-UWP-Debug|Any CPU.ActiveCfg = Debug|Any CPU
		{E5C5DBFD-8A9E-4D38-A2F3-0413CB3F5BCA}.WinRT-UWP-Debug|Any CPU.Build.0 = Debug|Any CPU
		{E5C5DBFD-8A9E-4D38-A2F3-0413CB3F5BCA}.WinRT-UWP-Debug|ARM.ActiveCfg = Debug|Any CPU
		{E5C5DBFD-8A9E-4D38-A2F3-0413CB3F5BCA}.WinRT-UWP-Debug|ARM.Build.0 = Debug|Any CPU
		{E5C5DBFD-8A9E-4D38-A2F3-0413CB3F5BCA}.WinRT-UWP-Debug|x64.ActiveCfg = Debug|Any CPU
		{E5C5DBFD-8A9E-4D38-A2F3-0413CB3F5BCA}.WinRT-UWP-Debug|x64.Build.0 = Debug|Any CPU
		{E5C5DBFD-8A9E-4D38-A2F3-0413CB3F5BCA}.WinRT-UWP-Debug|x86.ActiveCfg = Debug|Any CPU
		{E5C5DBFD-8A9E-4D38-A2F3-0413CB3F5BCA}.WinRT-UWP-Debug|x86.Build.0 = Debug|Any CPU
		{E5C5DBFD-8A9E-4D38-A2F3-0413CB3F5BCA}.WinRT-UWP-Debug45|Any CPU.ActiveCfg = Debug|Any CPU
		{E5C5DBFD-8A9E-4D38-A2F3-0413CB3F5BCA}.WinRT-UWP-Debug45|Any CPU.Build.0 = Debug|Any CPU
		{E5C5DBFD-8A9E-4D38-A2F3-0413CB3F5BCA}.WinRT-UWP-Debug45|ARM.ActiveCfg = Debug|Any CPU
		{E5C5DBFD-8A9E-4D38-A2F3-0413CB3F5BCA}.WinRT-UWP-Debug45|ARM.Build.0 = Debug|Any CPU
		{E5C5DBFD-8A9E-4D38-A2F3-0413CB3F5BCA}.WinRT-UWP-Debug45|x64.ActiveCfg = Debug|Any CPU
		{E5C5DBFD-8A9E-4D38-A2F3-0413CB3F5BCA}.WinRT-UWP-Debug45|x64.Build.0 = Debug|Any CPU
		{E5C5DBFD-8A9E-4D38-A2F3-0413CB3F5BCA}.WinRT-UWP-Debug45|x86.ActiveCfg = Debug|Any CPU
		{E5C5DBFD-8A9E-4D38-A2F3-0413CB3F5BCA}.WinRT-UWP-Debug45|x86.Build.0 = Debug|Any CPU
		{E5C5DBFD-8A9E-4D38-A2F3-0413CB3F5BCA}.WinRT-UWP-Release|Any CPU.ActiveCfg = Release|Any CPU
		{E5C5DBFD-8A9E-4D38-A2F3-0413CB3F5BCA}.WinRT-UWP-Release|Any CPU.Build.0 = Release|Any CPU
		{E5C5DBFD-8A9E-4D38-A2F3-0413CB3F5BCA}.WinRT-UWP-Release|ARM.ActiveCfg = Release|Any CPU
		{E5C5DBFD-8A9E-4D38-A2F3-0413CB3F5BCA}.WinRT-UWP-Release|ARM.Build.0 = Release|Any CPU
		{E5C5DBFD-8A9E-4D38-A2F3-0413CB3F5BCA}.WinRT-UWP-Release|x64.ActiveCfg = Release|Any CPU
		{E5C5DBFD-8A9E-4D38-A2F3-0413CB3F5BCA}.WinRT-UWP-Release|x64.Build.0 = Release|Any CPU
		{E5C5DBFD-8A9E-4D38-A2F3-0413CB3F5BCA}.WinRT-UWP-Release|x86.ActiveCfg = Release|Any CPU
		{E5C5DBFD-8A9E-4D38-A2F3-0413CB3F5BCA}.WinRT-UWP-Release|x86.Build.0 = Release|Any CPU
		{E5C5DBFD-8A9E-4D38-A2F3-0413CB3F5BCA}.WinRT-UWP-Release45|Any CPU.ActiveCfg = Release|Any CPU
		{E5C5DBFD-8A9E-4D38-A2F3-0413CB3F5BCA}.WinRT-UWP-Release45|Any CPU.Build.0 = Release|Any CPU
		{E5C5DBFD-8A9E-4D38-A2F3-0413CB3F5BCA}.WinRT-UWP-Release45|ARM.ActiveCfg = Release|Any CPU
		{E5C5DBFD-8A9E-4D38-A2F3-0413CB3F5BCA}.WinRT-UWP-Release45|ARM.Build.0 = Release|Any CPU
		{E5C5DBFD-8A9E-4D38-A2F3-0413CB3F5BCA}.WinRT-UWP-Release45|x64.ActiveCfg = Release|Any CPU
		{E5C5DBFD-8A9E-4D38-A2F3-0413CB3F5BCA}.WinRT-UWP-Release45|x64.Build.0 = Release|Any CPU
		{E5C5DBFD-8A9E-4D38-A2F3-0413CB3F5BCA}.WinRT-UWP-Release45|x86.ActiveCfg = Release|Any CPU
		{E5C5DBFD-8A9E-4D38-A2F3-0413CB3F5BCA}.WinRT-UWP-Release45|x86.Build.0 = Release|Any CPU
		{848E3796-AAAC-4726-9B51-94FBFEB667B3}.Debug_Tests|Any CPU.ActiveCfg = Debug_Tests|Win32
		{848E3796-AAAC-4726-9B51-94FBFEB667B3}.Debug_Tests|ARM.ActiveCfg = Debug_Tests|ARM
		{848E3796-AAAC-4726-9B51-94FBFEB667B3}.Debug_Tests|ARM.Build.0 = Debug_Tests|ARM
		{848E3796-AAAC-4726-9B51-94FBFEB667B3}.Debug_Tests|x64.ActiveCfg = Debug_Tests|x64
		{848E3796-AAAC-4726-9B51-94FBFEB667B3}.Debug_Tests|x64.Build.0 = Debug_Tests|x64
		{848E3796-AAAC-4726-9B51-94FBFEB667B3}.Debug_Tests|x86.ActiveCfg = Debug_Tests|Win32
		{848E3796-AAAC-4726-9B51-94FBFEB667B3}.Debug_Tests|x86.Build.0 = Debug_Tests|Win32
		{848E3796-AAAC-4726-9B51-94FBFEB667B3}.Debug|Any CPU.ActiveCfg = Debug|Win32
		{848E3796-AAAC-4726-9B51-94FBFEB667B3}.Debug|ARM.ActiveCfg = Debug|ARM
		{848E3796-AAAC-4726-9B51-94FBFEB667B3}.Debug|ARM.Build.0 = Debug|ARM
		{848E3796-AAAC-4726-9B51-94FBFEB667B3}.Debug|x64.ActiveCfg = Debug|x64
		{848E3796-AAAC-4726-9B51-94FBFEB667B3}.Debug|x64.Build.0 = Debug|x64
		{848E3796-AAAC-4726-9B51-94FBFEB667B3}.Debug|x86.ActiveCfg = Debug|Win32
		{848E3796-AAAC-4726-9B51-94FBFEB667B3}.Debug|x86.Build.0 = Debug|Win32
		{848E3796-AAAC-4726-9B51-94FBFEB667B3}.Debug45|Any CPU.ActiveCfg = Debug45|Win32
		{848E3796-AAAC-4726-9B51-94FBFEB667B3}.Debug45|ARM.ActiveCfg = Debug45|ARM
		{848E3796-AAAC-4726-9B51-94FBFEB667B3}.Debug45|ARM.Build.0 = Debug45|ARM
		{848E3796-AAAC-4726-9B51-94FBFEB667B3}.Debug45|x64.ActiveCfg = Debug45|x64
		{848E3796-AAAC-4726-9B51-94FBFEB667B3}.Debug45|x64.Build.0 = Debug45|x64
		{848E3796-AAAC-4726-9B51-94FBFEB667B3}.Debug45|x86.ActiveCfg = Debug45|Win32
		{848E3796-AAAC-4726-9B51-94FBFEB667B3}.Debug45|x86.Build.0 = Debug45|Win32
		{848E3796-AAAC-4726-9B51-94FBFEB667B3}.Release|Any CPU.ActiveCfg = Release|Win32
		{848E3796-AAAC-4726-9B51-94FBFEB667B3}.Release|ARM.ActiveCfg = Release|ARM
		{848E3796-AAAC-4726-9B51-94FBFEB667B3}.Release|ARM.Build.0 = Release|ARM
		{848E3796-AAAC-4726-9B51-94FBFEB667B3}.Release|x64.ActiveCfg = Release|x64
		{848E3796-AAAC-4726-9B51-94FBFEB667B3}.Release|x64.Build.0 = Release|x64
		{848E3796-AAAC-4726-9B51-94FBFEB667B3}.Release|x86.ActiveCfg = Release|Win32
		{848E3796-AAAC-4726-9B51-94FBFEB667B3}.Release|x86.Build.0 = Release|Win32
		{848E3796-AAAC-4726-9B51-94FBFEB667B3}.Release45|Any CPU.ActiveCfg = Release45|Win32
		{848E3796-AAAC-4726-9B51-94FBFEB667B3}.Release45|ARM.ActiveCfg = Release45|ARM
		{848E3796-AAAC-4726-9B51-94FBFEB667B3}.Release45|ARM.Build.0 = Release45|ARM
		{848E3796-AAAC-4726-9B51-94FBFEB667B3}.Release45|x64.ActiveCfg = Release45|x64
		{848E3796-AAAC-4726-9B51-94FBFEB667B3}.Release45|x64.Build.0 = Release45|x64
		{848E3796-AAAC-4726-9B51-94FBFEB667B3}.Release45|x86.ActiveCfg = Release45|Win32
		{848E3796-AAAC-4726-9B51-94FBFEB667B3}.Release45|x86.Build.0 = Release45|Win32
		{848E3796-AAAC-4726-9B51-94FBFEB667B3}.WinRT-UWP-Debug|Any CPU.ActiveCfg = WinRT-UWP-Debug|Win32
		{848E3796-AAAC-4726-9B51-94FBFEB667B3}.WinRT-UWP-Debug|ARM.ActiveCfg = WinRT-UWP-Debug|ARM
		{848E3796-AAAC-4726-9B51-94FBFEB667B3}.WinRT-UWP-Debug|ARM.Build.0 = WinRT-UWP-Debug|ARM
		{848E3796-AAAC-4726-9B51-94FBFEB667B3}.WinRT-UWP-Debug|x64.ActiveCfg = WinRT-UWP-Debug|x64
		{848E3796-AAAC-4726-9B51-94FBFEB667B3}.WinRT-UWP-Debug|x64.Build.0 = WinRT-UWP-Debug|x64
		{848E3796-AAAC-4726-9B51-94FBFEB667B3}.WinRT-UWP-Debug|x86.ActiveCfg = WinRT-UWP-Debug|Win32
		{848E3796-AAAC-4726-9B51-94FBFEB667B3}.WinRT-UWP-Debug|x86.Build.0 = WinRT-UWP-Debug|Win32
		{848E3796-AAAC-4726-9B51-94FBFEB667B3}.WinRT-UWP-Debug45|Any CPU.ActiveCfg = WinRT-UWP-Debug45|Win32
		{848E3796-AAAC-4726-9B51-94FBFEB667B3}.WinRT-UWP-Debug45|ARM.ActiveCfg = WinRT-UWP-Debug45|ARM
		{848E3796-AAAC-4726-9B51-94FBFEB667B3}.WinRT-UWP-Debug45|ARM.Build.0 = WinRT-UWP-Debug45|ARM
		{848E3796-AAAC-4726-9B51-94FBFEB667B3}.WinRT-UWP-Debug45|x64.ActiveCfg = WinRT-UWP-Debug45|x64
		{848E3796-AAAC-4726-9B51-94FBFEB667B3}.WinRT-UWP-Debug45|x64.Build.0 = WinRT-UWP-Debug45|x64
		{848E3796-AAAC-4726-9B51-94FBFEB667B3}.WinRT-UWP-Debug45|x86.ActiveCfg = WinRT-UWP-Debug45|Win32
		{848E3796-AAAC-4726-9B51-94FBFEB667B3}.WinRT-UWP-Debug45|x86.Build.0 = WinRT-UWP-Debug45|Win32
		{848E3796-AAAC-4726-9B51-94FBFEB667B3}.WinRT-UWP-Release|Any CPU.ActiveCfg = WinRT-UWP-Release|Win32
		{848E3796-AAAC-4726-9B51-94FBFEB667B3}.WinRT-UWP-Release|ARM.ActiveCfg = WinRT-UWP-Release|ARM
		{848E3796-AAAC-4726-9B51-94FBFEB667B3}.WinRT-UWP-Release|ARM.Build.0 = WinRT-UWP-Release|ARM
		{848E3796-AAAC-4726-9B51-94FBFEB667B3}.WinRT-UWP-Release|x64.ActiveCfg = WinRT-UWP-Release|x64
		{848E3796-AAAC-4726-9B51-94FBFEB667B3}.WinRT-UWP-Release|x64.Build.0 = WinRT-UWP-Release|x64
		{848E3796-AAAC-4726-9B51-94FBFEB667B3}.WinRT-UWP-Release|x86.ActiveCfg = WinRT-UWP-Release|Win32
		{848E3796-AAAC-4726-9B51-94FBFEB667B3}.WinRT-UWP-Release|x86.Build.0 = WinRT-UWP-Release|Win32
		{848E3796-AAAC-4726-9B51-94FBFEB667B3}.WinRT-UWP-Release45|Any CPU.ActiveCfg = WinRT-UWP-Release45|Win32
		{848E3796-AAAC-4726-9B51-94FBFEB667B3}.WinRT-UWP-Release45|ARM.ActiveCfg = WinRT-UWP-Release45|ARM
		{848E3796-AAAC-4726-9B51-94FBFEB667B3}.WinRT-UWP-Release45|ARM.Build.0 = WinRT-UWP-Release45|ARM
		{848E3796-AAAC-4726-9B51-94FBFEB667B3}.WinRT-UWP-Release45|x64.ActiveCfg = WinRT-UWP-Release45|x64
		{848E3796-AAAC-4726-9B51-94FBFEB667B3}.WinRT-UWP-Release45|x64.Build.0 = WinRT-UWP-Release45|x64
		{848E3796-AAAC-4726-9B51-94FBFEB667B3}.WinRT-UWP-Release45|x86.ActiveCfg = WinRT-UWP-Release45|Win32
		{848E3796-AAAC-4726-9B51-94FBFEB667B3}.WinRT-UWP-Release45|x86.Build.0 = WinRT-UWP-Release45|Win32
	EndGlobalSection
	GlobalSection(SolutionProperties) = preSolution
		HideSolutionNode = FALSE
	EndGlobalSection
	GlobalSection(ExtensibilityGlobals) = postSolution
		SolutionGuid = {3633B544-02EB-416B-9A01-63F07DA4B9C0}
	EndGlobalSection
EndGlobal
